
Microsoft Visual Studio Solution File, Format Version 12.00
# Visual Studio Version 16
VisualStudioVersion = 16.0.29009.5
MinimumVisualStudioVersion = 10.0.40219.1
Project("{FAE04EC0-301F-11D3-BF4B-00C04F79EFBC}") = "PlayerStats", "PlayerStats\PlayerStats.csproj", "{77C92C38-41F2-4AC7-9157-B0A3F47DC0BC}"
EndProject
Global
	GlobalSection(SolutionConfigurationPlatforms) = preSolution
		Debug|Any CPU = Debug|Any CPU
		Release|Any CPU = Release|Any CPU
	EndGlobalSection
	GlobalSection(ProjectConfigurationPlatforms) = postSolution
		{77C92C38-41F2-4AC7-9157-B0A3F47DC0BC}.Debug|Any CPU.ActiveCfg = Debug|Any CPU
		{77C92C38-41F2-4AC7-9157-B0A3F47DC0BC}.Debug|Any CPU.Build.0 = Debug|Any CPU
		{77C92C38-41F2-4AC7-9157-B0A3F47DC0BC}.Release|Any CPU.ActiveCfg = Release|Any CPU
		{77C92C38-41F2-4AC7-9157-B0A3F47DC0BC}.Release|Any CPU.Build.0 = Release|Any CPU
	EndGlobalSection
	GlobalSection(SolutionProperties) = preSolution
		HideSolutionNode = FALSE
	EndGlobalSection
	GlobalSection(ExtensibilityGlobals) = postSolution
		SolutionGuid = {C353D7F5-0671-4FB8-928B-B03A274B0D10}
	EndGlobalSection
EndGlobal
